# @generated - this file is auto-generated by `mise lock` https://mise.en.dev/dev-tools/mise-lock.html

[[tools.java]]
version = "26.0.1"
backend = "core:java"

[tools.java.options]
shorthand_vendor = "openjdk"

[tools.java."platforms.linux-arm64"]
checksum = "sha256:12a3649b2f4a0c9f6491d220bdd04b4fff07cae502b435aaff46eac0e36f4df1"
url = "https://download.java.net/java/GA/jdk26.0.1/458fda22e4c54d5ba572ab8d2b22eb83/8/GPL/openjdk-26.0.1_linux-aarch64_bin.tar.gz"

[tools.java."platforms.linux-x64"]
checksum = "sha256:2f2802d57b5fc414f1ddf6648ba12cc9a6454cf67b32ac95407c018f2e6ab0b0"
url = "https://download.java.net/java/GA/jdk26.0.1/458fda22e4c54d5ba572ab8d2b22eb83/8/GPL/openjdk-26.0.1_linux-x64_bin.tar.gz"

[tools.java."platforms.macos-arm64"]
checksum = "sha256:b2d57405194a312ed4ec6ec08e83b314d3fd2e425e895d704ec5ef8ea6059e17"
url = "https://download.java.net/java/GA/jdk26.0.1/458fda22e4c54d5ba572ab8d2b22eb83/8/GPL/openjdk-26.0.1_macos-aarch64_bin.tar.gz"

[tools.java."platforms.macos-x64"]
checksum = "sha256:e52bc05aefe4991329a6a103c9b42ae4b9b77240a9f9d3d12f6a7365db1ae16a"
url = "https://download.java.net/java/GA/jdk26.0.1/458fda22e4c54d5ba572ab8d2b22eb83/8/GPL/openjdk-26.0.1_macos-x64_bin.tar.gz"

[tools.java."platforms.windows-x64"]
checksum = "sha256:b381d30647aed9ff440abed5ab61af01d8578c290cd407c57e064ebc4b0151be"
url = "https://download.java.net/java/GA/jdk26.0.1/458fda22e4c54d5ba572ab8d2b22eb83/8/GPL/openjdk-26.0.1_windows-x64_bin.zip"

[[tools.node]]
version = "26.3.1"
backend = "core:node"

[tools.node."platforms.linux-arm64"]
checksum = "sha256:2f0829b201e9db20996ae15bce62138df1e3d317775b005778b05cf7b19714f1"
url = "https://nodejs.org/dist/v26.3.1/node-v26.3.1-linux-arm64.tar.gz"

[tools.node."platforms.linux-arm64-musl"]
checksum = "sha256:e9d31a59e9164ad4be47e3148fc54964a9c275394f367e127eed1a0b3009c706"
url = "https://unofficial-builds.nodejs.org/download/release/v26.3.1/node-v26.3.1-linux-arm64-musl.tar.gz"

[tools.node."platforms.linux-x64"]
checksum = "sha256:e892cd615e637edebcf22f9653d80fba63167ad6754d20881fd52cc37be81441"
url = "https://nodejs.org/dist/v26.3.1/node-v26.3.1-linux-x64.tar.gz"

[tools.node."platforms.linux-x64-musl"]
checksum = "sha256:4d1a7bebcc0ee2534edc2d5f93cad34435ed4b601766d26b706c043727d4cca5"
url = "https://unofficial-builds.nodejs.org/download/release/v26.3.1/node-v26.3.1-linux-x64-musl.tar.gz"

[tools.node."platforms.macos-arm64"]
checksum = "sha256:3f624ab0d774553c0d28b968e141d8c676a35a2811fb0b7b356ba9cbdce15f74"
url = "https://nodejs.org/dist/v26.3.1/node-v26.3.1-darwin-arm64.tar.gz"

[tools.node."platforms.macos-x64"]
checksum = "sha256:3ec9e5a28c641c088f3d04ad38721bfdedb2f8aa8c031979fa93df08b5a92e58"
url = "https://nodejs.org/dist/v26.3.1/node-v26.3.1-darwin-x64.tar.gz"

[tools.node."platforms.windows-x64"]
checksum = "sha256:45001b289ebffe7b22260898f3750059183d8246042b88e8ffa4337e65e6763e"
url = "https://nodejs.org/dist/v26.3.1/node-v26.3.1-win-x64.zip"

[[tools.ruby]]
version = "4.0.5"
backend = "core:ruby"

[tools.ruby.options]
compile = "false"
precompiled_url = "jdx/ruby"
ruby_build_repo = "https://github.com/rbenv/ruby-build.git"
ruby_install = "false"

[tools.ruby."platforms.linux-arm64"]
checksum = "sha256:142cc75048232c19fedca2748f4882f5d40443eb3d3532dc65efab44e6107553"
url = "https://github.com/jdx/ruby/releases/download/4.0.5-2/ruby-4.0.5.arm64_linux.tar.gz"
provenance = "github-attestations"

[tools.ruby."platforms.linux-arm64-musl"]
checksum = "sha256:142cc75048232c19fedca2748f4882f5d40443eb3d3532dc65efab44e6107553"
url = "https://github.com/jdx/ruby/releases/download/4.0.5-2/ruby-4.0.5.arm64_linux.tar.gz"
provenance = "github-attestations"

[tools.ruby."platforms.linux-x64"]
checksum = "sha256:15a8cb9e40784fe3d2309e1bf30a8cb92932ec83513e93dc90d8b507608344a0"
url = "https://github.com/jdx/ruby/releases/download/4.0.5-2/ruby-4.0.5.x86_64_linux.tar.gz"
provenance = "github-attestations"

[tools.ruby."platforms.linux-x64-musl"]
checksum = "sha256:15a8cb9e40784fe3d2309e1bf30a8cb92932ec83513e93dc90d8b507608344a0"
url = "https://github.com/jdx/ruby/releases/download/4.0.5-2/ruby-4.0.5.x86_64_linux.tar.gz"
provenance = "github-attestations"

[tools.ruby."platforms.macos-arm64"]
checksum = "sha256:2ceac7dbfb7ce73e7efbf0198fb859c23144169af9bd417b3996c6176e60ae80"
url = "https://github.com/jdx/ruby/releases/download/4.0.5-2/ruby-4.0.5.macos.tar.gz"
provenance = "github-attestations"

[tools.ruby."platforms.macos-x64"]
checksum = "sha256:7d6149079a63f8ae1d326c9fa65c6019ba2dc3155eae7b39159817911c88958e"
url = "https://cache.ruby-lang.org/pub/ruby/4.0/ruby-4.0.5.tar.gz"

[[tools.ruby]]
version = "4.0.5"
backend = "core:ruby"

[tools.ruby."platforms.windows-x64"]
checksum = "sha256:74e31613fc71e6e23431dfc4d8b6ec2818a4dc1fd16e0983b074144c16719c8b"
url = "https://github.com/oneclick/rubyinstaller2/releases/download/RubyInstaller-4.0.5-1/rubyinstaller-4.0.5-1-x64.7z"
